
Microsoft Visual Studio Solution File, Format Version 12.00
# Visual Studio Version 17
VisualStudioVersion = 17.8.34309.116
MinimumVisualStudioVersion = 10.0.40219.1
Project("{FAE04EC0-301F-11D3-BF4B-00C04F79EFBC}") = "HomeWork9", "HomeWork9.csproj", "{5D894380-E977-46C4-A01C-49BA603500FE}"
EndProject
Global
	GlobalSection(SolutionConfigurationPlatforms) = preSolution
		Debug|Any CPU = Debug|Any CPU
		Release|Any CPU = Release|Any CPU
	EndGlobalSection
	GlobalSection(ProjectConfigurationPlatforms) = postSolution
		{5D894380-E977-46C4-A01C-49BA603500FE}.Debug|Any CPU.ActiveCfg = Debug|Any CPU
		{5D894380-E977-46C4-A01C-49BA603500FE}.Debug|Any CPU.Build.0 = Debug|Any CPU
		{5D894380-E977-46C4-A01C-49BA603500FE}.Release|Any CPU.ActiveCfg = Release|Any CPU
		{5D894380-E977-46C4-A01C-49BA603500FE}.Release|Any CPU.Build.0 = Release|Any CPU
	EndGlobalSection
	GlobalSection(SolutionProperties) = preSolution
		HideSolutionNode = FALSE
	EndGlobalSection
	GlobalSection(ExtensibilityGlobals) = postSolution
		SolutionGuid = {DBA4CB79-FA96-4606-88A8-BB0F4CACEC48}
	EndGlobalSection
EndGlobal
