
Microsoft Visual Studio Solution File, Format Version 12.00
# Visual Studio Version 17
VisualStudioVersion = 17.8.34309.116
MinimumVisualStudioVersion = 10.0.40219.1
Project("{FAE04EC0-301F-11D3-BF4B-00C04F79EFBC}") = "HomeWork7", "HomeWork7.csproj", "{C3F55B98-D7F6-4089-A3AC-132DC112C2BE}"
EndProject
Global
	GlobalSection(SolutionConfigurationPlatforms) = preSolution
		Debug|Any CPU = Debug|Any CPU
		Release|Any CPU = Release|Any CPU
	EndGlobalSection
	GlobalSection(ProjectConfigurationPlatforms) = postSolution
		{C3F55B98-D7F6-4089-A3AC-132DC112C2BE}.Debug|Any CPU.ActiveCfg = Debug|Any CPU
		{C3F55B98-D7F6-4089-A3AC-132DC112C2BE}.Debug|Any CPU.Build.0 = Debug|Any CPU
		{C3F55B98-D7F6-4089-A3AC-132DC112C2BE}.Release|Any CPU.ActiveCfg = Release|Any CPU
		{C3F55B98-D7F6-4089-A3AC-132DC112C2BE}.Release|Any CPU.Build.0 = Release|Any CPU
	EndGlobalSection
	GlobalSection(SolutionProperties) = preSolution
		HideSolutionNode = FALSE
	EndGlobalSection
	GlobalSection(ExtensibilityGlobals) = postSolution
		SolutionGuid = {28DEF426-8862-462F-8D5D-E6DD6D640590}
	EndGlobalSection
EndGlobal
