
Microsoft Visual Studio Solution File, Format Version 12.00
# Visual Studio Version 17
VisualStudioVersion = 17.7.34221.43
MinimumVisualStudioVersion = 10.0.40219.1
Project("{FAE04EC0-301F-11D3-BF4B-00C04F79EFBC}") = "Seminar1", "Seminar1.csproj", "{ED1A0901-1E51-4CB8-AF9E-61515370B62D}"
EndProject
Global
	GlobalSection(SolutionConfigurationPlatforms) = preSolution
		Debug|Any CPU = Debug|Any CPU
		Release|Any CPU = Release|Any CPU
	EndGlobalSection
	GlobalSection(ProjectConfigurationPlatforms) = postSolution
		{ED1A0901-1E51-4CB8-AF9E-61515370B62D}.Debug|Any CPU.ActiveCfg = Debug|Any CPU
		{ED1A0901-1E51-4CB8-AF9E-61515370B62D}.Debug|Any CPU.Build.0 = Debug|Any CPU
		{ED1A0901-1E51-4CB8-AF9E-61515370B62D}.Release|Any CPU.ActiveCfg = Release|Any CPU
		{ED1A0901-1E51-4CB8-AF9E-61515370B62D}.Release|Any CPU.Build.0 = Release|Any CPU
	EndGlobalSection
	GlobalSection(SolutionProperties) = preSolution
		HideSolutionNode = FALSE
	EndGlobalSection
	GlobalSection(ExtensibilityGlobals) = postSolution
		SolutionGuid = {D3BA175F-73F9-497B-8E96-817C473363E6}
	EndGlobalSection
EndGlobal
